
Microsoft Visual Studio Solution File, Format Version 12.00
# Visual Studio 15
VisualStudioVersion = 15.0.26430.16
MinimumVisualStudioVersion = 10.0.40219.1
Project("{FAE04EC0-301F-11D3-BF4B-00C04F79EFBC}") = "MVVMmini", "MVVMmini\MVVMmini.csproj", "{C08074CB-F609-4199-A3D3-74749B32F044}"
EndProject
Project("{FAE04EC0-301F-11D3-BF4B-00C04F79EFBC}") = "WebRadio", "WebRadio\WebRadio.csproj", "{B49D8A43-0660-489E-A3E1-8C1FA72049A2}"
EndProject
Project("{FAE04EC0-301F-11D3-BF4B-00C04F79EFBC}") = "PlayerInterface", "PlayerInterface\PlayerInterface.csproj", "{D29EF53D-EE5B-4BDA-91F3-7C161373E818}"
EndProject
Project("{FAE04EC0-301F-11D3-BF4B-00C04F79EFBC}") = "RadioPlayerMock", "RadioPlayerMock\RadioPlayerMock.csproj", "{B8F35497-0EF1-436E-86C8-DBD161E6C4D4}"
EndProject
Project("{2150E333-8FDC-42A3-9474-1A3956D46DE8}") = "Players", "Players", "{436B1AD1-49AD-4427-A238-CA5B608FF429}"
EndProject
Project("{FAE04EC0-301F-11D3-BF4B-00C04F79EFBC}") = "WmpRadioPlayer", "WmpRadioPlayer\WmpRadioPlayer.csproj", "{AAEE1E07-AEC2-4039-B205-70FAE5903D39}"
EndProject
Project("{2150E333-8FDC-42A3-9474-1A3956D46DE8}") = "Solution Items", "Solution Items", "{72F4E6BF-5E41-4EA0-8115-0B4373FAFCDC}"
EndProject
Project("{2150E333-8FDC-42A3-9474-1A3956D46DE8}") = "Licenses", "Licenses", "{CA6891E6-ED55-41B9-8C3A-D74C30AD6005}"
	ProjectSection(SolutionItems) = preProject
		Ninject.txt = Ninject.txt
	EndProjectSection
EndProject
Project("{FAE04EC0-301F-11D3-BF4B-00C04F79EFBC}") = "Persistence", "Persistence\Persistence.csproj", "{B7315242-07A5-42C2-BFBF-8FD6BD8C7367}"
EndProject
Global
	GlobalSection(SolutionConfigurationPlatforms) = preSolution
		Debug|Any CPU = Debug|Any CPU
		Release|Any CPU = Release|Any CPU
	EndGlobalSection
	GlobalSection(ProjectConfigurationPlatforms) = postSolution
		{C08074CB-F609-4199-A3D3-74749B32F044}.Debug|Any CPU.ActiveCfg = Debug|Any CPU
		{C08074CB-F609-4199-A3D3-74749B32F044}.Debug|Any CPU.Build.0 = Debug|Any CPU
		{C08074CB-F609-4199-A3D3-74749B32F044}.Release|Any CPU.ActiveCfg = Release|Any CPU
		{C08074CB-F609-4199-A3D3-74749B32F044}.Release|Any CPU.Build.0 = Release|Any CPU
		{B49D8A43-0660-489E-A3E1-8C1FA72049A2}.Debug|Any CPU.ActiveCfg = Debug|Any CPU
		{B49D8A43-0660-489E-A3E1-8C1FA72049A2}.Debug|Any CPU.Build.0 = Debug|Any CPU
		{B49D8A43-0660-489E-A3E1-8C1FA72049A2}.Release|Any CPU.ActiveCfg = Release|Any CPU
		{B49D8A43-0660-489E-A3E1-8C1FA72049A2}.Release|Any CPU.Build.0 = Release|Any CPU
		{D29EF53D-EE5B-4BDA-91F3-7C161373E818}.Debug|Any CPU.ActiveCfg = Debug|Any CPU
		{D29EF53D-EE5B-4BDA-91F3-7C161373E818}.Debug|Any CPU.Build.0 = Debug|Any CPU
		{D29EF53D-EE5B-4BDA-91F3-7C161373E818}.Release|Any CPU.ActiveCfg = Release|Any CPU
		{D29EF53D-EE5B-4BDA-91F3-7C161373E818}.Release|Any CPU.Build.0 = Release|Any CPU
		{B8F35497-0EF1-436E-86C8-DBD161E6C4D4}.Debug|Any CPU.ActiveCfg = Debug|Any CPU
		{B8F35497-0EF1-436E-86C8-DBD161E6C4D4}.Debug|Any CPU.Build.0 = Debug|Any CPU
		{B8F35497-0EF1-436E-86C8-DBD161E6C4D4}.Release|Any CPU.ActiveCfg = Release|Any CPU
		{B8F35497-0EF1-436E-86C8-DBD161E6C4D4}.Release|Any CPU.Build.0 = Release|Any CPU
		{AAEE1E07-AEC2-4039-B205-70FAE5903D39}.Debug|Any CPU.ActiveCfg = Debug|Any CPU
		{AAEE1E07-AEC2-4039-B205-70FAE5903D39}.Debug|Any CPU.Build.0 = Debug|Any CPU
		{AAEE1E07-AEC2-4039-B205-70FAE5903D39}.Release|Any CPU.ActiveCfg = Release|Any CPU
		{AAEE1E07-AEC2-4039-B205-70FAE5903D39}.Release|Any CPU.Build.0 = Release|Any CPU
		{B7315242-07A5-42C2-BFBF-8FD6BD8C7367}.Debug|Any CPU.ActiveCfg = Debug|Any CPU
		{B7315242-07A5-42C2-BFBF-8FD6BD8C7367}.Debug|Any CPU.Build.0 = Debug|Any CPU
		{B7315242-07A5-42C2-BFBF-8FD6BD8C7367}.Release|Any CPU.ActiveCfg = Release|Any CPU
		{B7315242-07A5-42C2-BFBF-8FD6BD8C7367}.Release|Any CPU.Build.0 = Release|Any CPU
	EndGlobalSection
	GlobalSection(SolutionProperties) = preSolution
		HideSolutionNode = FALSE
	EndGlobalSection
	GlobalSection(NestedProjects) = preSolution
		{B8F35497-0EF1-436E-86C8-DBD161E6C4D4} = {436B1AD1-49AD-4427-A238-CA5B608FF429}
		{AAEE1E07-AEC2-4039-B205-70FAE5903D39} = {436B1AD1-49AD-4427-A238-CA5B608FF429}
	EndGlobalSection
	GlobalSection(ExtensibilityGlobals) = postSolution
		SolutionGuid = {2AF32C02-EF1A-497E-A3A4-BEEAD8ED42A7}
	EndGlobalSection
EndGlobal
