
Microsoft Visual Studio Solution File, Format Version 12.00
# Visual Studio 14
VisualStudioVersion = 14.0.24720.0
MinimumVisualStudioVersion = 10.0.40219.1
Project("{FAE04EC0-301F-11D3-BF4B-00C04F79EFBC}") = "MVVMmini", "MVVMmini\MVVMmini.csproj", "{C08074CB-F609-4199-A3D3-74749B32F044}"
EndProject
Project("{FAE04EC0-301F-11D3-BF4B-00C04F79EFBC}") = "WebRadio", "WebRadio\WebRadio.csproj", "{B49D8A43-0660-489E-A3E1-8C1FA72049A2}"
EndProject
Global
	GlobalSection(SolutionConfigurationPlatforms) = preSolution
		Debug|Any CPU = Debug|Any CPU
		Release|Any CPU = Release|Any CPU
	EndGlobalSection
	GlobalSection(ProjectConfigurationPlatforms) = postSolution
		{C08074CB-F609-4199-A3D3-74749B32F044}.Debug|Any CPU.ActiveCfg = Debug|Any CPU
		{C08074CB-F609-4199-A3D3-74749B32F044}.Debug|Any CPU.Build.0 = Debug|Any CPU
		{C08074CB-F609-4199-A3D3-74749B32F044}.Release|Any CPU.ActiveCfg = Release|Any CPU
		{C08074CB-F609-4199-A3D3-74749B32F044}.Release|Any CPU.Build.0 = Release|Any CPU
		{B49D8A43-0660-489E-A3E1-8C1FA72049A2}.Debug|Any CPU.ActiveCfg = Debug|Any CPU
		{B49D8A43-0660-489E-A3E1-8C1FA72049A2}.Debug|Any CPU.Build.0 = Debug|Any CPU
		{B49D8A43-0660-489E-A3E1-8C1FA72049A2}.Release|Any CPU.ActiveCfg = Release|Any CPU
		{B49D8A43-0660-489E-A3E1-8C1FA72049A2}.Release|Any CPU.Build.0 = Release|Any CPU
	EndGlobalSection
	GlobalSection(SolutionProperties) = preSolution
		HideSolutionNode = FALSE
	EndGlobalSection
EndGlobal
